
Microsoft Visual Studio Solution File, Format Version 12.00
# Visual Studio Version 17
VisualStudioVersion = 17.11.35303.130
MinimumVisualStudioVersion = 10.0.40219.1
Project("{FAE04EC0-301F-11D3-BF4B-00C04F79EFBC}") = "Back_health", "Back_health.csproj", "{9661932F-049A-4F2A-ABC9-8353994095F7}"
EndProject
Global
	GlobalSection(SolutionConfigurationPlatforms) = preSolution
		Debug|Any CPU = Debug|Any CPU
		Release|Any CPU = Release|Any CPU
	EndGlobalSection
	GlobalSection(ProjectConfigurationPlatforms) = postSolution
		{9661932F-049A-4F2A-ABC9-8353994095F7}.Debug|Any CPU.ActiveCfg = Debug|Any CPU
		{9661932F-049A-4F2A-ABC9-8353994095F7}.Debug|Any CPU.Build.0 = Debug|Any CPU
		{9661932F-049A-4F2A-ABC9-8353994095F7}.Release|Any CPU.ActiveCfg = Release|Any CPU
		{9661932F-049A-4F2A-ABC9-8353994095F7}.Release|Any CPU.Build.0 = Release|Any CPU
	EndGlobalSection
	GlobalSection(SolutionProperties) = preSolution
		HideSolutionNode = FALSE
	EndGlobalSection
	GlobalSection(ExtensibilityGlobals) = postSolution
		SolutionGuid = {206DA0FF-C006-44D9-ADBD-230481CCBC1C}
	EndGlobalSection
EndGlobal
